
Microsoft Visual Studio Solution File, Format Version 12.00
# Visual Studio Version 16
VisualStudioVersion = 16.0.31321.278
MinimumVisualStudioVersion = 10.0.40219.1
Project("{FAE04EC0-301F-11D3-BF4B-00C04F79EFBC}") = "Wolfberry.TelldusLive.Console", "Wolfberry.TelldusLive.Console\Wolfberry.TelldusLive.Console.csproj", "{189331A3-B3A0-48D8-A57C-B6D8BDBE3486}"
EndProject
Project("{FAE04EC0-301F-11D3-BF4B-00C04F79EFBC}") = "Wolfberry.TelldusLive.Console.Tests", "Wolfberry.TelldusLive.Console.Tests\Wolfberry.TelldusLive.Console.Tests.csproj", "{FB4D5A5A-2721-40A3-9DAF-4D21873D4124}"
EndProject
Global
	GlobalSection(SolutionConfigurationPlatforms) = preSolution
		Debug|Any CPU = Debug|Any CPU
		Release|Any CPU = Release|Any CPU
	EndGlobalSection
	GlobalSection(ProjectConfigurationPlatforms) = postSolution
		{189331A3-B3A0-48D8-A57C-B6D8BDBE3486}.Debug|Any CPU.ActiveCfg = Debug|Any CPU
		{189331A3-B3A0-48D8-A57C-B6D8BDBE3486}.Debug|Any CPU.Build.0 = Debug|Any CPU
		{189331A3-B3A0-48D8-A57C-B6D8BDBE3486}.Release|Any CPU.ActiveCfg = Release|Any CPU
		{189331A3-B3A0-48D8-A57C-B6D8BDBE3486}.Release|Any CPU.Build.0 = Release|Any CPU
		{FB4D5A5A-2721-40A3-9DAF-4D21873D4124}.Debug|Any CPU.ActiveCfg = Debug|Any CPU
		{FB4D5A5A-2721-40A3-9DAF-4D21873D4124}.Debug|Any CPU.Build.0 = Debug|Any CPU
		{FB4D5A5A-2721-40A3-9DAF-4D21873D4124}.Release|Any CPU.ActiveCfg = Release|Any CPU
		{FB4D5A5A-2721-40A3-9DAF-4D21873D4124}.Release|Any CPU.Build.0 = Release|Any CPU
	EndGlobalSection
	GlobalSection(SolutionProperties) = preSolution
		HideSolutionNode = FALSE
	EndGlobalSection
	GlobalSection(ExtensibilityGlobals) = postSolution
		SolutionGuid = {C19D576F-C55C-4AF3-86D8-AAD0A5309C31}
	EndGlobalSection
EndGlobal
